
Microsoft Visual Studio Solution File, Format Version 12.00
# Visual Studio 15
VisualStudioVersion = 15.0.26730.12
MinimumVisualStudioVersion = 10.0.40219.1
Project("{FAE04EC0-301F-11D3-BF4B-00C04F79EFBC}") = "TRB.MVC", "TRB.MVC\TRB.MVC.csproj", "{46A99E7C-FA7D-4836-B6E5-AF3CC244E65D}"
EndProject
Project("{FAE04EC0-301F-11D3-BF4B-00C04F79EFBC}") = "TRB.BLL", "TRB.BLL\TRB.BLL.csproj", "{F9EC64C7-F26A-4FFF-A347-F4AEBDBEA3C0}"
EndProject
Global
	GlobalSection(SolutionConfigurationPlatforms) = preSolution
		Debug|Any CPU = Debug|Any CPU
		Release|Any CPU = Release|Any CPU
	EndGlobalSection
	GlobalSection(ProjectConfigurationPlatforms) = postSolution
		{46A99E7C-FA7D-4836-B6E5-AF3CC244E65D}.Debug|Any CPU.ActiveCfg = Debug|Any CPU
		{46A99E7C-FA7D-4836-B6E5-AF3CC244E65D}.Debug|Any CPU.Build.0 = Debug|Any CPU
		{46A99E7C-FA7D-4836-B6E5-AF3CC244E65D}.Release|Any CPU.ActiveCfg = Release|Any CPU
		{46A99E7C-FA7D-4836-B6E5-AF3CC244E65D}.Release|Any CPU.Build.0 = Release|Any CPU
		{F9EC64C7-F26A-4FFF-A347-F4AEBDBEA3C0}.Debug|Any CPU.ActiveCfg = Debug|Any CPU
		{F9EC64C7-F26A-4FFF-A347-F4AEBDBEA3C0}.Debug|Any CPU.Build.0 = Debug|Any CPU
		{F9EC64C7-F26A-4FFF-A347-F4AEBDBEA3C0}.Release|Any CPU.ActiveCfg = Release|Any CPU
		{F9EC64C7-F26A-4FFF-A347-F4AEBDBEA3C0}.Release|Any CPU.Build.0 = Release|Any CPU
	EndGlobalSection
	GlobalSection(SolutionProperties) = preSolution
		HideSolutionNode = FALSE
	EndGlobalSection
	GlobalSection(ExtensibilityGlobals) = postSolution
		SolutionGuid = {50B0ED9A-5A18-40BD-936C-6442EEF5635C}
	EndGlobalSection
EndGlobal
﻿
Microsoft Visual Studio Solution File, Format Version 12.00
# Visual Studio 15
VisualStudioVersion = 15.0.26730.12
MinimumVisualStudioVersion = 10.0.40219.1
Project("{FAE04EC0-301F-11D3-BF4B-00C04F79EFBC}") = "TRB.MVC", "TRB.MVC\TRB.MVC.csproj", "{46A99E7C-FA7D-4836-B6E5-AF3CC244E65D}"
EndProject
Project("{FAE04EC0-301F-11D3-BF4B-00C04F79EFBC}") = "TRB.BLL", "TRB.BLL\TRB.BLL.csproj", "{F9EC64C7-F26A-4FFF-A347-F4AEBDBEA3C0}"
EndProject
Global
	GlobalSection(SolutionConfigurationPlatforms) = preSolution
		Debug|Any CPU = Debug|Any CPU
		Release|Any CPU = Release|Any CPU
	EndGlobalSection
	GlobalSection(ProjectConfigurationPlatforms) = postSolution
		{46A99E7C-FA7D-4836-B6E5-AF3CC244E65D}.Debug|Any CPU.ActiveCfg = Debug|Any CPU
		{46A99E7C-FA7D-4836-B6E5-AF3CC244E65D}.Debug|Any CPU.Build.0 = Debug|Any CPU
		{46A99E7C-FA7D-4836-B6E5-AF3CC244E65D}.Release|Any CPU.ActiveCfg = Release|Any CPU
		{46A99E7C-FA7D-4836-B6E5-AF3CC244E65D}.Release|Any CPU.Build.0 = Release|Any CPU
		{F9EC64C7-F26A-4FFF-A347-F4AEBDBEA3C0}.Debug|Any CPU.ActiveCfg = Debug|Any CPU
		{F9EC64C7-F26A-4FFF-A347-F4AEBDBEA3C0}.Debug|Any CPU.Build.0 = Debug|Any CPU
		{F9EC64C7-F26A-4FFF-A347-F4AEBDBEA3C0}.Release|Any CPU.ActiveCfg = Release|Any CPU
		{F9EC64C7-F26A-4FFF-A347-F4AEBDBEA3C0}.Release|Any CPU.Build.0 = Release|Any CPU
	EndGlobalSection
	GlobalSection(SolutionProperties) = preSolution
		HideSolutionNode = FALSE
	EndGlobalSection
	GlobalSection(ExtensibilityGlobals) = postSolution
		SolutionGuid = {50B0ED9A-5A18-40BD-936C-6442EEF5635C}
	EndGlobalSection
EndGlobal
